
Microsoft Visual Studio Solution File, Format Version 12.00
# Visual Studio Version 17
VisualStudioVersion = 17.4.33213.308
MinimumVisualStudioVersion = 10.0.40219.1
Project("{FAE04EC0-301F-11D3-BF4B-00C04F79EFBC}") = "ClientSide", "ClientSide\ClientSide.csproj", "{FC6A59E9-53F6-445C-AF85-3ECE34948E79}"
EndProject
Global
	GlobalSection(SolutionConfigurationPlatforms) = preSolution
		Debug|Any CPU = Debug|Any CPU
		Release|Any CPU = Release|Any CPU
	EndGlobalSection
	GlobalSection(ProjectConfigurationPlatforms) = postSolution
		{FC6A59E9-53F6-445C-AF85-3ECE34948E79}.Debug|Any CPU.ActiveCfg = Debug|Any CPU
		{FC6A59E9-53F6-445C-AF85-3ECE34948E79}.Debug|Any CPU.Build.0 = Debug|Any CPU
		{FC6A59E9-53F6-445C-AF85-3ECE34948E79}.Release|Any CPU.ActiveCfg = Release|Any CPU
		{FC6A59E9-53F6-445C-AF85-3ECE34948E79}.Release|Any CPU.Build.0 = Release|Any CPU
	EndGlobalSection
	GlobalSection(SolutionProperties) = preSolution
		HideSolutionNode = FALSE
	EndGlobalSection
	GlobalSection(ExtensibilityGlobals) = postSolution
		SolutionGuid = {395C391C-ACCF-4373-8F29-D4775C21E80E}
	EndGlobalSection
EndGlobal
