
Microsoft Visual Studio Solution File, Format Version 12.00
# Visual Studio Version 17
VisualStudioVersion = 17.4.33213.308
MinimumVisualStudioVersion = 10.0.40219.1
Project("{FAE04EC0-301F-11D3-BF4B-00C04F79EFBC}") = "Server_Side", "Server_Side\Server_Side.csproj", "{670017B3-D0B6-4B9A-A456-04A1B1E70645}"
EndProject
Global
	GlobalSection(SolutionConfigurationPlatforms) = preSolution
		Debug|Any CPU = Debug|Any CPU
		Release|Any CPU = Release|Any CPU
	EndGlobalSection
	GlobalSection(ProjectConfigurationPlatforms) = postSolution
		{670017B3-D0B6-4B9A-A456-04A1B1E70645}.Debug|Any CPU.ActiveCfg = Debug|Any CPU
		{670017B3-D0B6-4B9A-A456-04A1B1E70645}.Debug|Any CPU.Build.0 = Debug|Any CPU
		{670017B3-D0B6-4B9A-A456-04A1B1E70645}.Release|Any CPU.ActiveCfg = Release|Any CPU
		{670017B3-D0B6-4B9A-A456-04A1B1E70645}.Release|Any CPU.Build.0 = Release|Any CPU
	EndGlobalSection
	GlobalSection(SolutionProperties) = preSolution
		HideSolutionNode = FALSE
	EndGlobalSection
	GlobalSection(ExtensibilityGlobals) = postSolution
		SolutionGuid = {7714EE25-D396-4FBD-92B2-DF494CD395CA}
	EndGlobalSection
EndGlobal
